// !$*UTF8*$!
{
	archiveVersion = 1;
	classes = {
	};
	objectVersion = 77;
	objects = {

/* Begin PBXContainerItemProxy section */
		B3249A3C2C9A93BC00045979 /* PBXContainerItemProxy */ = {
			isa = PBXContainerItemProxy;
			containerPortal = B3249A232C9A93BA00045979 /* Project object */;
			proxyType = 1;
			remoteGlobalIDString = B3249A2A2C9A93BA00045979;
			remoteInfo = SwiftTestingExample;
		};
		B3249A462C9A93BC00045979 /* PBXContainerItemProxy */ = {
			isa = PBXContainerItemProxy;
			containerPortal = B3249A232C9A93BA00045979 /* Project object */;
			proxyType = 1;
			remoteGlobalIDString = B3249A2A2C9A93BA00045979;
			remoteInfo = SwiftTestingExample;
		};
/* End PBXContainerItemProxy section */

/* Begin PBXFileReference section */
		B3249A2B2C9A93BA00045979 /* SwiftTestingExample.app */ = {isa = PBXFileReference; explicitFileType = wrapper.application; includeInIndex = 0; path = SwiftTestingExample.app; sourceTree = BUILT_PRODUCTS_DIR; };
		B3249A3B2C9A93BC00045979 /* SwiftTestingExampleTests.xctest */ = {isa = PBXFileReference; explicitFileType = wrapper.cfbundle; includeInIndex = 0; path = SwiftTestingExampleTests.xctest; sourceTree = BUILT_PRODUCTS_DIR; };
		B3249A452C9A93BC00045979 /* SwiftTestingExampleUITests.xctest */ = {isa = PBXFileReference; explicitFileType = wrapper.cfbundle; includeInIndex = 0; path = SwiftTestingExampleUITests.xctest; sourceTree = BUILT_PRODUCTS_DIR; };
/* End PBXFileReference section */

/* Begin PBXFileSystemSynchronizedRootGroup section */
		B3249A2D2C9A93BA00045979 /* SwiftTestingExample */ = {
			isa = PBXFileSystemSynchronizedRootGroup;
			path = SwiftTestingExample;
			sourceTree = "<group>";
		};
		B3249A3E2C9A93BC00045979 /* SwiftTestingExampleTests */ = {
			isa = PBXFileSystemSynchronizedRootGroup;
			path = SwiftTestingExampleTests;
			sourceTree = "<group>";
		};
		B3249A482C9A93BC00045979 /* SwiftTestingExampleUITests */ = {
			isa = PBXFileSystemSynchronizedRootGroup;
			path = SwiftTestingExampleUITests;
			sourceTree = "<group>";
		};
/* End PBXFileSystemSynchronizedRootGroup section */

/* Begin PBXFrameworksBuildPhase section */
		B3249A282C9A93BA00045979 /* Frameworks */ = {
			isa = PBXFrameworksBuildPhase;
			buildActionMask = 2147483647;
			files = (
			);
			runOnlyForDeploymentPostprocessing = 0;
		};
		B3249A382C9A93BC00045979 /* Frameworks */ = {
			isa = PBXFrameworksBuildPhase;
			buildActionMask = 2147483647;
			files = (
			);
			runOnlyForDeploymentPostprocessing = 0;
		};
		B3249A422C9A93BC00045979 /* Frameworks */ = {
			isa = PBXFrameworksBuildPhase;
			buildActionMask = 2147483647;
			files = (
			);
			runOnlyForDeploymentPostprocessing = 0;
		};
/* End PBXFrameworksBuildPhase section */

/* Begin PBXGroup section */
		B3249A222C9A93BA00045979 = {
			isa = PBXGroup;
			children = (
				B3249A2D2C9A93BA00045979 /* SwiftTestingExample */,
				B3249A3E2C9A93BC00045979 /* SwiftTestingExampleTests */,
				B3249A482C9A93BC00045979 /* SwiftTestingExampleUITests */,
				B3249A2C2C9A93BA00045979 /* Products */,
			);
			sourceTree = "<group>";
		};
		B3249A2C2C9A93BA00045979 /* Products */ = {
			isa = PBXGroup;
			children = (
				B3249A2B2C9A93BA00045979 /* SwiftTestingExample.app */,
				B3249A3B2C9A93BC00045979 /* SwiftTestingExampleTests.xctest */,
				B3249A452C9A93BC00045979 /* SwiftTestingExampleUITests.xctest */,
			);
			name = Products;
			sourceTree = "<group>";
		};
/* End PBXGroup section */

/* Begin PBXNativeTarget section */
		B3249A2A2C9A93BA00045979 /* SwiftTestingExample */ = {
			isa = PBXNativeTarget;
			buildConfigurationList = B3249A4F2C9A93BC00045979 /* Build configuration list for PBXNativeTarget "SwiftTestingExample" */;
			buildPhases = (
				B3249A272C9A93BA00045979 /* Sources */,
				B3249A282C9A93BA00045979 /* Frameworks */,
				B3249A292C9A93BA00045979 /* Resources */,
			);
			buildRules = (
			);
			dependencies = (
			);
			fileSystemSynchronizedGroups = (
				B3249A2D2C9A93BA00045979 /* SwiftTestingExample */,
			);
			name = SwiftTestingExample;
			packageProductDependencies = (
			);
			productName = SwiftTestingExample;
			productReference = B3249A2B2C9A93BA00045979 /* SwiftTestingExample.app */;
			productType = "com.apple.product-type.application";
		};
		B3249A3A2C9A93BC00045979 /* SwiftTestingExampleTests */ = {
			isa = PBXNativeTarget;
			buildConfigurationList = B3249A522C9A93BC00045979 /* Build configuration list for PBXNativeTarget "SwiftTestingExampleTests" */;
			buildPhases = (
				B3249A372C9A93BC00045979 /* Sources */,
				B3249A382C9A93BC00045979 /* Frameworks */,
				B3249A392C9A93BC00045979 /* Resources */,
			);
			buildRules = (
			);
			dependencies = (
				B3249A3D2C9A93BC00045979 /* PBXTargetDependency */,
			);
			fileSystemSynchronizedGroups = (
				B3249A3E2C9A93BC00045979 /* SwiftTestingExampleTests */,
			);
			name = SwiftTestingExampleTests;
			packageProductDependencies = (
			);
			productName = SwiftTestingExampleTests;
			productReference = B3249A3B2C9A93BC00045979 /* SwiftTestingExampleTests.xctest */;
			productType = "com.apple.product-type.bundle.unit-test";
		};
		B3249A442C9A93BC00045979 /* SwiftTestingExampleUITests */ = {
			isa = PBXNativeTarget;
			buildConfigurationList = B3249A552C9A93BC00045979 /* Build configuration list for PBXNativeTarget "SwiftTestingExampleUITests" */;
			buildPhases = (
				B3249A412C9A93BC00045979 /* Sources */,
				B3249A422C9A93BC00045979 /* Frameworks */,
				B3249A432C9A93BC00045979 /* Resources */,
			);
			buildRules = (
			);
			dependencies = (
				B3249A472C9A93BC00045979 /* PBXTargetDependency */,
			);
			fileSystemSynchronizedGroups = (
				B3249A482C9A93BC00045979 /* SwiftTestingExampleUITests */,
			);
			name = SwiftTestingExampleUITests;
			packageProductDependencies = (
			);
			productName = SwiftTestingExampleUITests;
			productReference = B3249A452C9A93BC00045979 /* SwiftTestingExampleUITests.xctest */;
			productType = "com.apple.product-type.bundle.ui-testing";
		};
/* End PBXNativeTarget section */

/* Begin PBXProject section */
		B3249A232C9A93BA00045979 /* Project object */ = {
			isa = PBXProject;
			attributes = {
				BuildIndependentTargetsInParallel = 1;
				LastSwiftUpdateCheck = 1600;
				LastUpgradeCheck = 1600;
				TargetAttributes = {
					B3249A2A2C9A93BA00045979 = {
						CreatedOnToolsVersion = 16.0;
					};
					B3249A3A2C9A93BC00045979 = {
						CreatedOnToolsVersion = 16.0;
						TestTargetID = B3249A2A2C9A93BA00045979;
					};
					B3249A442C9A93BC00045979 = {
						CreatedOnToolsVersion = 16.0;
						TestTargetID = B3249A2A2C9A93BA00045979;
					};
				};
			};
			buildConfigurationList = B3249A262C9A93BA00045979 /* Build configuration list for PBXProject "SwiftTestingExample" */;
			developmentRegion = en;
			hasScannedForEncodings = 0;
			knownRegions = (
				en,
				Base,
			);
			mainGroup = B3249A222C9A93BA00045979;
			minimizedProjectReferenceProxies = 1;
			preferredProjectObjectVersion = 77;
			productRefGroup = B3249A2C2C9A93BA00045979 /* Products */;
			projectDirPath = "";
			projectRoot = "";
			targets = (
				B3249A2A2C9A93BA00045979 /* SwiftTestingExample */,
				B3249A3A2C9A93BC00045979 /* SwiftTestingExampleTests */,
				B3249A442C9A93BC00045979 /* SwiftTestingExampleUITests */,
			);
		};
/* End PBXProject section */

/* Begin PBXResourcesBuildPhase section */
		B3249A292C9A93BA00045979 /* Resources */ = {
			isa = PBXResourcesBuildPhase;
			buildActionMask = 2147483647;
			files = (
			);
			runOnlyForDeploymentPostprocessing = 0;
		};
		B3249A392C9A93BC00045979 /* Resources */ = {
			isa = PBXResourcesBuildPhase;
			buildActionMask = 2147483647;
			files = (
			);
			runOnlyForDeploymentPostprocessing = 0;
		};
		B3249A432C9A93BC00045979 /* Resources */ = {
			isa = PBXResourcesBuildPhase;
			buildActionMask = 2147483647;
			files = (
			);
			runOnlyForDeploymentPostprocessing = 0;
		};
/* End PBXResourcesBuildPhase section */

/* Begin PBXSourcesBuildPhase section */
		B3249A272C9A93BA00045979 /* Sources */ = {
			isa = PBXSourcesBuildPhase;
			buildActionMask = 2147483647;
			files = (
			);
			runOnlyForDeploymentPostprocessing = 0;
		};
		B3249A372C9A93BC00045979 /* Sources */ = {
			isa = PBXSourcesBuildPhase;
			buildActionMask = 2147483647;
			files = (
			);
			runOnlyForDeploymentPostprocessing = 0;
		};
		B3249A412C9A93BC00045979 /* Sources */ = {
			isa = PBXSourcesBuildPhase;
			buildActionMask = 2147483647;
			files = (
			);
			runOnlyForDeploymentPostprocessing = 0;
		};
/* End PBXSourcesBuildPhase section */

/* Begin PBXTargetDependency section */
		B3249A3D2C9A93BC00045979 /* PBXTargetDependency */ = {
			isa = PBXTargetDependency;
			target = B3249A2A2C9A93BA00045979 /* SwiftTestingExample */;
			targetProxy = B3249A3C2C9A93BC00045979 /* PBXContainerItemProxy */;
		};
		B3249A472C9A93BC00045979 /* PBXTargetDependency */ = {
			isa = PBXTargetDependency;
			target = B3249A2A2C9A93BA00045979 /* SwiftTestingExample */;
			targetProxy = B3249A462C9A93BC00045979 /* PBXContainerItemProxy */;
		};
/* End PBXTargetDependency section */

/* Begin XCBuildConfiguration section */
		B3249A4D2C9A93BC00045979 /* Debug */ = {
			isa = XCBuildConfiguration;
			buildSettings = {
				ALWAYS_SEARCH_USER_PATHS = NO;
				ASSETCATALOG_COMPILER_GENERATE_SWIFT_ASSET_SYMBOL_EXTENSIONS = YES;
				CLANG_ANALYZER_NONNULL = YES;
				CLANG_ANALYZER_NUMBER_OBJECT_CONVERSION = YES_AGGRESSIVE;
				CLANG_CXX_LANGUAGE_STANDARD = "gnu++20";
				CLANG_ENABLE_MODULES = YES;
				CLANG_ENABLE_OBJC_ARC = YES;
				CLANG_ENABLE_OBJC_WEAK = YES;
				CLANG_WARN_BLOCK_CAPTURE_AUTORELEASING = YES;
				CLANG_WARN_BOOL_CONVERSION = YES;
				CLANG_WARN_COMMA = YES;
				CLANG_WARN_CONSTANT_CONVERSION = YES;
				CLANG_WARN_DEPRECATED_OBJC_IMPLEMENTATIONS = YES;
				CLANG_WARN_DIRECT_OBJC_ISA_USAGE = YES_ERROR;
				CLANG_WARN_DOCUMENTATION_COMMENTS = YES;
				CLANG_WARN_EMPTY_BODY = YES;
				CLANG_WARN_ENUM_CONVERSION = YES;
				CLANG_WARN_INFINITE_RECURSION = YES;
				CLANG_WARN_INT_CONVERSION = YES;
				CLANG_WARN_NON_LITERAL_NULL_CONVERSION = YES;
				CLANG_WARN_OBJC_IMPLICIT_RETAIN_SELF = YES;
				CLANG_WARN_OBJC_LITERAL_CONVERSION = YES;
				CLANG_WARN_OBJC_ROOT_CLASS = YES_ERROR;
				CLANG_WARN_QUOTED_INCLUDE_IN_FRAMEWORK_HEADER = YES;
				CLANG_WARN_RANGE_LOOP_ANALYSIS = YES;
				CLANG_WARN_STRICT_PROTOTYPES = YES;
				CLANG_WARN_SUSPICIOUS_MOVE = YES;
				CLANG_WARN_UNGUARDED_AVAILABILITY = YES_AGGRESSIVE;
				CLANG_WARN_UNREACHABLE_CODE = YES;
				CLANG_WARN__DUPLICATE_METHOD_MATCH = YES;
				COPY_PHASE_STRIP = NO;
				DEBUG_INFORMATION_FORMAT = dwarf;
				ENABLE_STRICT_OBJC_MSGSEND = YES;
				ENABLE_TESTABILITY = YES;
				ENABLE_USER_SCRIPT_SANDBOXING = YES;
				GCC_C_LANGUAGE_STANDARD = gnu17;
				GCC_DYNAMIC_NO_PIC = NO;
				GCC_NO_COMMON_BLOCKS = YES;
				GCC_OPTIMIZATION_LEVEL = 0;
				GCC_PREPROCESSOR_DEFINITIONS = (
					"DEBUG=1",
					"$(inherited)",
				);
				GCC_WARN_64_TO_32_BIT_CONVERSION = YES;
				GCC_WARN_ABOUT_RETURN_TYPE = YES_ERROR;
				GCC_WARN_UNDECLARED_SELECTOR = YES;
				GCC_WARN_UNINITIALIZED_AUTOS = YES_AGGRESSIVE;
				GCC_WARN_UNUSED_FUNCTION = YES;
				GCC_WARN_UNUSED_VARIABLE = YES;
				IPHONEOS_DEPLOYMENT_TARGET = 18.0;
				LOCALIZATION_PREFERS_STRING_CATALOGS = YES;
				MTL_ENABLE_DEBUG_INFO = INCLUDE_SOURCE;
				MTL_FAST_MATH = YES;
				ONLY_ACTIVE_ARCH = YES;
				SDKROOT = iphoneos;
				SWIFT_ACTIVE_COMPILATION_CONDITIONS = "DEBUG $(inherited)";
				SWIFT_OPTIMIZATION_LEVEL = "-Onone";
			};
			name = Debug;
		};
		B3249A4E2C9A93BC00045979 /* Release */ = {
			isa = XCBuildConfiguration;
			buildSettings = {
				ALWAYS_SEARCH_USER_PATHS = NO;
				ASSETCATALOG_COMPILER_GENERATE_SWIFT_ASSET_SYMBOL_EXTENSIONS = YES;
				CLANG_ANALYZER_NONNULL = YES;
				CLANG_ANALYZER_NUMBER_OBJECT_CONVERSION = YES_AGGRESSIVE;
				CLANG_CXX_LANGUAGE_STANDARD = "gnu++20";
				CLANG_ENABLE_MODULES = YES;
				CLANG_ENABLE_OBJC_ARC = YES;
				CLANG_ENABLE_OBJC_WEAK = YES;
				CLANG_WARN_BLOCK_CAPTURE_AUTORELEASING = YES;
				CLANG_WARN_BOOL_CONVERSION = YES;
				CLANG_WARN_COMMA = YES;
				CLANG_WARN_CONSTANT_CONVERSION = YES;
				CLANG_WARN_DEPRECATED_OBJC_IMPLEMENTATIONS = YES;
				CLANG_WARN_DIRECT_OBJC_ISA_USAGE = YES_ERROR;
				CLANG_WARN_DOCUMENTATION_COMMENTS = YES;
				CLANG_WARN_EMPTY_BODY = YES;
				CLANG_WARN_ENUM_CONVERSION = YES;
				CLANG_WARN_INFINITE_RECURSION = YES;
				CLANG_WARN_INT_CONVERSION = YES;
				CLANG_WARN_NON_LITERAL_NULL_CONVERSION = YES;
				CLANG_WARN_OBJC_IMPLICIT_RETAIN_SELF = YES;
				CLANG_WARN_OBJC_LITERAL_CONVERSION = YES;
				CLANG_WARN_OBJC_ROOT_CLASS = YES_ERROR;
				CLANG_WARN_QUOTED_INCLUDE_IN_FRAMEWORK_HEADER = YES;
				CLANG_WARN_RANGE_LOOP_ANALYSIS = YES;
				CLANG_WARN_STRICT_PROTOTYPES = YES;
				CLANG_WARN_SUSPICIOUS_MOVE = YES;
				CLANG_WARN_UNGUARDED_AVAILABILITY = YES_AGGRESSIVE;
				CLANG_WARN_UNREACHABLE_CODE = YES;
				CLANG_WARN__DUPLICATE_METHOD_MATCH = YES;
				COPY_PHASE_STRIP = NO;
				DEBUG_INFORMATION_FORMAT = "dwarf-with-dsym";
				ENABLE_NS_ASSERTIONS = NO;
				ENABLE_STRICT_OBJC_MSGSEND = YES;
				ENABLE_USER_SCRIPT_SANDBOXING = YES;
				GCC_C_LANGUAGE_STANDARD = gnu17;
				GCC_NO_COMMON_BLOCKS = YES;
				GCC_WARN_64_TO_32_BIT_CONVERSION = YES;
				GCC_WARN_ABOUT_RETURN_TYPE = YES_ERROR;
				GCC_WARN_UNDECLARED_SELECTOR = YES;
				GCC_WARN_UNINITIALIZED_AUTOS = YES_AGGRESSIVE;
				GCC_WARN_UNUSED_FUNCTION = YES;
				GCC_WARN_UNUSED_VARIABLE = YES;
				IPHONEOS_DEPLOYMENT_TARGET = 18.0;
				LOCALIZATION_PREFERS_STRING_CATALOGS = YES;
				MTL_ENABLE_DEBUG_INFO = NO;
				MTL_FAST_MATH = YES;
				SDKROOT = iphoneos;
				SWIFT_COMPILATION_MODE = wholemodule;
				VALIDATE_PRODUCT = YES;
			};
			name = Release;
		};
		B3249A502C9A93BC00045979 /* Debug */ = {
			isa = XCBuildConfiguration;
			buildSettings = {
				ASSETCATALOG_COMPILER_APPICON_NAME = AppIcon;
				ASSETCATALOG_COMPILER_GLOBAL_ACCENT_COLOR_NAME = AccentColor;
				CODE_SIGN_STYLE = Automatic;
				CURRENT_PROJECT_VERSION = 1;
				DEVELOPMENT_ASSET_PATHS = "\"SwiftTestingExample/Preview Content\"";
				DEVELOPMENT_TEAM = 7U55BCTM6U;
				ENABLE_PREVIEWS = YES;
				GENERATE_INFOPLIST_FILE = YES;
				INFOPLIST_KEY_UIApplicationSceneManifest_Generation = YES;
				INFOPLIST_KEY_UIApplicationSupportsIndirectInputEvents = YES;
				INFOPLIST_KEY_UILaunchScreen_Generation = YES;
				INFOPLIST_KEY_UISupportedInterfaceOrientations_iPad = "UIInterfaceOrientationPortrait UIInterfaceOrientationPortraitUpsideDown UIInterfaceOrientationLandscapeLeft UIInterfaceOrientationLandscapeRight";
				INFOPLIST_KEY_UISupportedInterfaceOrientations_iPhone = "UIInterfaceOrientationPortrait UIInterfaceOrientationLandscapeLeft UIInterfaceOrientationLandscapeRight";
				LD_RUNPATH_SEARCH_PATHS = (
					"$(inherited)",
					"@executable_path/Frameworks",
				);
				MARKETING_VERSION = 1.0;
				PRODUCT_BUNDLE_IDENTIFIER = dev.mnhz.SwiftTestingExample;
				PRODUCT_NAME = "$(TARGET_NAME)";
				SWIFT_EMIT_LOC_STRINGS = YES;
				SWIFT_VERSION = 5.0;
				TARGETED_DEVICE_FAMILY = "1,2";
			};
			name = Debug;
		};
		B3249A512C9A93BC00045979 /* Release */ = {
			isa = XCBuildConfiguration;
			buildSettings = {
				ASSETCATALOG_COMPILER_APPICON_NAME = AppIcon;
				ASSETCATALOG_COMPILER_GLOBAL_ACCENT_COLOR_NAME = AccentColor;
				CODE_SIGN_STYLE = Automatic;
				CURRENT_PROJECT_VERSION = 1;
				DEVELOPMENT_ASSET_PATHS = "\"SwiftTestingExample/Preview Content\"";
				DEVELOPMENT_TEAM = 7U55BCTM6U;
				ENABLE_PREVIEWS = YES;
				GENERATE_INFOPLIST_FILE = YES;
				INFOPLIST_KEY_UIApplicationSceneManifest_Generation = YES;
				INFOPLIST_KEY_UIApplicationSupportsIndirectInputEvents = YES;
				INFOPLIST_KEY_UILaunchScreen_Generation = YES;
				INFOPLIST_KEY_UISupportedInterfaceOrientations_iPad = "UIInterfaceOrientationPortrait UIInterfaceOrientationPortraitUpsideDown UIInterfaceOrientationLandscapeLeft UIInterfaceOrientationLandscapeRight";
				INFOPLIST_KEY_UISupportedInterfaceOrientations_iPhone = "UIInterfaceOrientationPortrait UIInterfaceOrientationLandscapeLeft UIInterfaceOrientationLandscapeRight";
				LD_RUNPATH_SEARCH_PATHS = (
					"$(inherited)",
					"@executable_path/Frameworks",
				);
				MARKETING_VERSION = 1.0;
				PRODUCT_BUNDLE_IDENTIFIER = dev.mnhz.SwiftTestingExample;
				PRODUCT_NAME = "$(TARGET_NAME)";
				SWIFT_EMIT_LOC_STRINGS = YES;
				SWIFT_VERSION = 5.0;
				TARGETED_DEVICE_FAMILY = "1,2";
			};
			name = Release;
		};
		B3249A532C9A93BC00045979 /* Debug */ = {
			isa = XCBuildConfiguration;
			buildSettings = {
				BUNDLE_LOADER = "$(TEST_HOST)";
				CODE_SIGN_STYLE = Automatic;
				CURRENT_PROJECT_VERSION = 1;
				DEVELOPMENT_TEAM = 7U55BCTM6U;
				GENERATE_INFOPLIST_FILE = YES;
				IPHONEOS_DEPLOYMENT_TARGET = 18.0;
				MARKETING_VERSION = 1.0;
				PRODUCT_BUNDLE_IDENTIFIER = dev.mnhz.SwiftTestingExampleTests;
				PRODUCT_NAME = "$(TARGET_NAME)";
				SWIFT_EMIT_LOC_STRINGS = NO;
				SWIFT_VERSION = 5.0;
				TARGETED_DEVICE_FAMILY = "1,2";
				TEST_HOST = "$(BUILT_PRODUCTS_DIR)/SwiftTestingExample.app/$(BUNDLE_EXECUTABLE_FOLDER_PATH)/SwiftTestingExample";
			};
			name = Debug;
		};
		B3249A542C9A93BC00045979 /* Release */ = {
			isa = XCBuildConfiguration;
			buildSettings = {
				BUNDLE_LOADER = "$(TEST_HOST)";
				CODE_SIGN_STYLE = Automatic;
				CURRENT_PROJECT_VERSION = 1;
				DEVELOPMENT_TEAM = 7U55BCTM6U;
				GENERATE_INFOPLIST_FILE = YES;
				IPHONEOS_DEPLOYMENT_TARGET = 18.0;
				MARKETING_VERSION = 1.0;
				PRODUCT_BUNDLE_IDENTIFIER = dev.mnhz.SwiftTestingExampleTests;
				PRODUCT_NAME = "$(TARGET_NAME)";
				SWIFT_EMIT_LOC_STRINGS = NO;
				SWIFT_VERSION = 5.0;
				TARGETED_DEVICE_FAMILY = "1,2";
				TEST_HOST = "$(BUILT_PRODUCTS_DIR)/SwiftTestingExample.app/$(BUNDLE_EXECUTABLE_FOLDER_PATH)/SwiftTestingExample";
			};
			name = Release;
		};
		B3249A562C9A93BC00045979 /* Debug */ = {
			isa = XCBuildConfiguration;
			buildSettings = {
				CODE_SIGN_STYLE = Automatic;
				CURRENT_PROJECT_VERSION = 1;
				DEVELOPMENT_TEAM = 7U55BCTM6U;
				GENERATE_INFOPLIST_FILE = YES;
				MARKETING_VERSION = 1.0;
				PRODUCT_BUNDLE_IDENTIFIER = dev.mnhz.SwiftTestingExampleUITests;
				PRODUCT_NAME = "$(TARGET_NAME)";
				SWIFT_EMIT_LOC_STRINGS = NO;
				SWIFT_VERSION = 5.0;
				TARGETED_DEVICE_FAMILY = "1,2";
				TEST_TARGET_NAME = SwiftTestingExample;
			};
			name = Debug;
		};
		B3249A572C9A93BC00045979 /* Release */ = {
			isa = XCBuildConfiguration;
			buildSettings = {
				CODE_SIGN_STYLE = Automatic;
				CURRENT_PROJECT_VERSION = 1;
				DEVELOPMENT_TEAM = 7U55BCTM6U;
				GENERATE_INFOPLIST_FILE = YES;
				MARKETING_VERSION = 1.0;
				PRODUCT_BUNDLE_IDENTIFIER = dev.mnhz.SwiftTestingExampleUITests;
				PRODUCT_NAME = "$(TARGET_NAME)";
				SWIFT_EMIT_LOC_STRINGS = NO;
				SWIFT_VERSION = 5.0;
				TARGETED_DEVICE_FAMILY = "1,2";
				TEST_TARGET_NAME = SwiftTestingExample;
			};
			name = Release;
		};
/* End XCBuildConfiguration section */

/* Begin XCConfigurationList section */
		B3249A262C9A93BA00045979 /* Build configuration list for PBXProject "SwiftTestingExample" */ = {
			isa = XCConfigurationList;
			buildConfigurations = (
				B3249A4D2C9A93BC00045979 /* Debug */,
				B3249A4E2C9A93BC00045979 /* Release */,
			);
			defaultConfigurationIsVisible = 0;
			defaultConfigurationName = Release;
		};
		B3249A4F2C9A93BC00045979 /* Build configuration list for PBXNativeTarget "SwiftTestingExample" */ = {
			isa = XCConfigurationList;
			buildConfigurations = (
				B3249A502C9A93BC00045979 /* Debug */,
				B3249A512C9A93BC00045979 /* Release */,
			);
			defaultConfigurationIsVisible = 0;
			defaultConfigurationName = Release;
		};
		B3249A522C9A93BC00045979 /* Build configuration list for PBXNativeTarget "SwiftTestingExampleTests" */ = {
			isa = XCConfigurationList;
			buildConfigurations = (
				B3249A532C9A93BC00045979 /* Debug */,
				B3249A542C9A93BC00045979 /* Release */,
			);
			defaultConfigurationIsVisible = 0;
			defaultConfigurationName = Release;
		};
		B3249A552C9A93BC00045979 /* Build configuration list for PBXNativeTarget "SwiftTestingExampleUITests" */ = {
			isa = XCConfigurationList;
			buildConfigurations = (
				B3249A562C9A93BC00045979 /* Debug */,
				B3249A572C9A93BC00045979 /* Release */,
			);
			defaultConfigurationIsVisible = 0;
			defaultConfigurationName = Release;
		};
/* End XCConfigurationList section */
	};
	rootObject = B3249A232C9A93BA00045979 /* Project object */;
}
